
Microsoft Visual Studio Solution File, Format Version 12.00
# Visual Studio 15
VisualStudioVersion = 15.0.27703.2035
MinimumVisualStudioVersion = 10.0.40219.1
Project("{262852C6-CD72-467D-83FE-5EEB1973A190}") = "Lab9", "Lab9\Lab9.jsproj", "{893ECA70-FCA3-4CC9-9B6F-5E1031ABD3CE}"
EndProject
Global
	GlobalSection(SolutionConfigurationPlatforms) = preSolution
		Debug|Android = Debug|Android
		Debug|iOS = Debug|iOS
		Debug|Windows-ARM = Debug|Windows-ARM
		Debug|Windows-x64 = Debug|Windows-x64
		Debug|Windows-x86 = Debug|Windows-x86
		Release|Android = Release|Android
		Release|iOS = Release|iOS
		Release|Windows-ARM = Release|Windows-ARM
		Release|Windows-x64 = Release|Windows-x64
		Release|Windows-x86 = Release|Windows-x86
	EndGlobalSection
	GlobalSection(ProjectConfigurationPlatforms) = postSolution
		{893ECA70-FCA3-4CC9-9B6F-5E1031ABD3CE}.Debug|Android.ActiveCfg = Debug|Android
		{893ECA70-FCA3-4CC9-9B6F-5E1031ABD3CE}.Debug|Android.Build.0 = Debug|Android
		{893ECA70-FCA3-4CC9-9B6F-5E1031ABD3CE}.Debug|Android.Deploy.0 = Debug|Android
		{893ECA70-FCA3-4CC9-9B6F-5E1031ABD3CE}.Debug|iOS.ActiveCfg = Debug|iOS
		{893ECA70-FCA3-4CC9-9B6F-5E1031ABD3CE}.Debug|iOS.Build.0 = Debug|iOS
		{893ECA70-FCA3-4CC9-9B6F-5E1031ABD3CE}.Debug|iOS.Deploy.0 = Debug|iOS
		{893ECA70-FCA3-4CC9-9B6F-5E1031ABD3CE}.Debug|Windows-ARM.ActiveCfg = Debug|Windows-ARM
		{893ECA70-FCA3-4CC9-9B6F-5E1031ABD3CE}.Debug|Windows-ARM.Build.0 = Debug|Windows-ARM
		{893ECA70-FCA3-4CC9-9B6F-5E1031ABD3CE}.Debug|Windows-ARM.Deploy.0 = Debug|Windows-ARM
		{893ECA70-FCA3-4CC9-9B6F-5E1031ABD3CE}.Debug|Windows-x64.ActiveCfg = Debug|Windows-x64
		{893ECA70-FCA3-4CC9-9B6F-5E1031ABD3CE}.Debug|Windows-x64.Build.0 = Debug|Windows-x64
		{893ECA70-FCA3-4CC9-9B6F-5E1031ABD3CE}.Debug|Windows-x64.Deploy.0 = Debug|Windows-x64
		{893ECA70-FCA3-4CC9-9B6F-5E1031ABD3CE}.Debug|Windows-x86.ActiveCfg = Debug|Windows-x86
		{893ECA70-FCA3-4CC9-9B6F-5E1031ABD3CE}.Debug|Windows-x86.Build.0 = Debug|Windows-x86
		{893ECA70-FCA3-4CC9-9B6F-5E1031ABD3CE}.Debug|Windows-x86.Deploy.0 = Debug|Windows-x86
		{893ECA70-FCA3-4CC9-9B6F-5E1031ABD3CE}.Release|Android.ActiveCfg = Release|Android
		{893ECA70-FCA3-4CC9-9B6F-5E1031ABD3CE}.Release|Android.Build.0 = Release|Android
		{893ECA70-FCA3-4CC9-9B6F-5E1031ABD3CE}.Release|Android.Deploy.0 = Release|Android
		{893ECA70-FCA3-4CC9-9B6F-5E1031ABD3CE}.Release|iOS.ActiveCfg = Release|iOS
		{893ECA70-FCA3-4CC9-9B6F-5E1031ABD3CE}.Release|iOS.Build.0 = Release|iOS
		{893ECA70-FCA3-4CC9-9B6F-5E1031ABD3CE}.Release|iOS.Deploy.0 = Release|iOS
		{893ECA70-FCA3-4CC9-9B6F-5E1031ABD3CE}.Release|Windows-ARM.ActiveCfg = Release|Windows-ARM
		{893ECA70-FCA3-4CC9-9B6F-5E1031ABD3CE}.Release|Windows-ARM.Build.0 = Release|Windows-ARM
		{893ECA70-FCA3-4CC9-9B6F-5E1031ABD3CE}.Release|Windows-ARM.Deploy.0 = Release|Windows-ARM
		{893ECA70-FCA3-4CC9-9B6F-5E1031ABD3CE}.Release|Windows-x64.ActiveCfg = Release|Windows-x64
		{893ECA70-FCA3-4CC9-9B6F-5E1031ABD3CE}.Release|Windows-x64.Build.0 = Release|Windows-x64
		{893ECA70-FCA3-4CC9-9B6F-5E1031ABD3CE}.Release|Windows-x64.Deploy.0 = Release|Windows-x64
		{893ECA70-FCA3-4CC9-9B6F-5E1031ABD3CE}.Release|Windows-x86.ActiveCfg = Release|Windows-x86
		{893ECA70-FCA3-4CC9-9B6F-5E1031ABD3CE}.Release|Windows-x86.Build.0 = Release|Windows-x86
		{893ECA70-FCA3-4CC9-9B6F-5E1031ABD3CE}.Release|Windows-x86.Deploy.0 = Release|Windows-x86
	EndGlobalSection
	GlobalSection(SolutionProperties) = preSolution
		HideSolutionNode = FALSE
	EndGlobalSection
	GlobalSection(ExtensibilityGlobals) = postSolution
		SolutionGuid = {982A4749-A93C-4302-BAAB-416763EAE2F4}
	EndGlobalSection
EndGlobal
